
Microsoft Visual Studio Solution File, Format Version 12.00
# Visual Studio Version 17
VisualStudioVersion = 17.4.33403.182
MinimumVisualStudioVersion = 10.0.40219.1
Project("{FAE04EC0-301F-11D3-BF4B-00C04F79EFBC}") = "GUIA 3 EJERCICIO 1", "GUIA 3 EJERCICIO 1\GUIA 3 EJERCICIO 1.csproj", "{457EA98E-0C20-44A9-B099-66749BF1A8DB}"
EndProject
Global
	GlobalSection(SolutionConfigurationPlatforms) = preSolution
		Debug|Any CPU = Debug|Any CPU
		Release|Any CPU = Release|Any CPU
	EndGlobalSection
	GlobalSection(ProjectConfigurationPlatforms) = postSolution
		{457EA98E-0C20-44A9-B099-66749BF1A8DB}.Debug|Any CPU.ActiveCfg = Debug|Any CPU
		{457EA98E-0C20-44A9-B099-66749BF1A8DB}.Debug|Any CPU.Build.0 = Debug|Any CPU
		{457EA98E-0C20-44A9-B099-66749BF1A8DB}.Release|Any CPU.ActiveCfg = Release|Any CPU
		{457EA98E-0C20-44A9-B099-66749BF1A8DB}.Release|Any CPU.Build.0 = Release|Any CPU
	EndGlobalSection
	GlobalSection(SolutionProperties) = preSolution
		HideSolutionNode = FALSE
	EndGlobalSection
	GlobalSection(ExtensibilityGlobals) = postSolution
		SolutionGuid = {69A17428-CFF4-4E30-A4F0-AFC804DA6901}
	EndGlobalSection
EndGlobal
